
Microsoft Visual Studio Solution File, Format Version 12.00
# Visual Studio 15
VisualStudioVersion = 15.0.28307.1062
MinimumVisualStudioVersion = 10.0.40219.1
Project("{2150E333-8FDC-42A3-9474-1A3956D46DE8}") = "WCF", "WCF", "{316FAD01-5B22-4E1C-A056-0709177B0E55}"
EndProject
Project("{2150E333-8FDC-42A3-9474-1A3956D46DE8}") = "Utility", "Utility", "{948E4A12-0D4F-40B4-B964-9A35E756B4D6}"
EndProject
Project("{FAE04EC0-301F-11D3-BF4B-00C04F79EFBC}") = "Interfaces", "Interfaces\Interfaces.csproj", "{7AB9CD64-64A9-4735-B695-A0C456943E57}"
EndProject
Project("{2150E333-8FDC-42A3-9474-1A3956D46DE8}") = "Server", "Server", "{43827B0B-3CE9-4C19-8D79-7571E26F9D6D}"
EndProject
Project("{FAE04EC0-301F-11D3-BF4B-00C04F79EFBC}") = "ServerLib", "ServerLib\ServerLib.csproj", "{60151157-4633-4D43-8E7E-035475B82320}"
EndProject
Project("{FAE04EC0-301F-11D3-BF4B-00C04F79EFBC}") = "SampleServer", "WindowsFormsApp1\SampleServer.csproj", "{A7332B47-821F-45BB-901B-9C1BE679EB28}"
EndProject
Project("{2150E333-8FDC-42A3-9474-1A3956D46DE8}") = "GUI", "GUI", "{A015B6D7-6B5B-4EF8-BA10-5D80615571C3}"
EndProject
Project("{2150E333-8FDC-42A3-9474-1A3956D46DE8}") = "Tester_App", "Tester_App", "{0E111515-6C9B-4FDC-B332-58DA725DF967}"
EndProject
Project("{FAE04EC0-301F-11D3-BF4B-00C04F79EFBC}") = "Client", "Client\Client.csproj", "{F0F2D848-8F74-4D0E-BE1E-0813DA1B8625}"
EndProject
Project("{FAE04EC0-301F-11D3-BF4B-00C04F79EFBC}") = "DataExchange", "DataExchange\DataExchange.csproj", "{AAEBE67A-F54B-4A54-912E-962513B1903B}"
EndProject
Global
	GlobalSection(SolutionConfigurationPlatforms) = preSolution
		Debug|Any CPU = Debug|Any CPU
		Release|Any CPU = Release|Any CPU
	EndGlobalSection
	GlobalSection(ProjectConfigurationPlatforms) = postSolution
		{7AB9CD64-64A9-4735-B695-A0C456943E57}.Debug|Any CPU.ActiveCfg = Debug|Any CPU
		{7AB9CD64-64A9-4735-B695-A0C456943E57}.Debug|Any CPU.Build.0 = Debug|Any CPU
		{7AB9CD64-64A9-4735-B695-A0C456943E57}.Release|Any CPU.ActiveCfg = Release|Any CPU
		{7AB9CD64-64A9-4735-B695-A0C456943E57}.Release|Any CPU.Build.0 = Release|Any CPU
		{60151157-4633-4D43-8E7E-035475B82320}.Debug|Any CPU.ActiveCfg = Debug|Any CPU
		{60151157-4633-4D43-8E7E-035475B82320}.Debug|Any CPU.Build.0 = Debug|Any CPU
		{60151157-4633-4D43-8E7E-035475B82320}.Release|Any CPU.ActiveCfg = Release|Any CPU
		{60151157-4633-4D43-8E7E-035475B82320}.Release|Any CPU.Build.0 = Release|Any CPU
		{A7332B47-821F-45BB-901B-9C1BE679EB28}.Debug|Any CPU.ActiveCfg = Debug|Any CPU
		{A7332B47-821F-45BB-901B-9C1BE679EB28}.Debug|Any CPU.Build.0 = Debug|Any CPU
		{A7332B47-821F-45BB-901B-9C1BE679EB28}.Release|Any CPU.ActiveCfg = Release|Any CPU
		{A7332B47-821F-45BB-901B-9C1BE679EB28}.Release|Any CPU.Build.0 = Release|Any CPU
		{F0F2D848-8F74-4D0E-BE1E-0813DA1B8625}.Debug|Any CPU.ActiveCfg = Debug|Any CPU
		{F0F2D848-8F74-4D0E-BE1E-0813DA1B8625}.Debug|Any CPU.Build.0 = Debug|Any CPU
		{F0F2D848-8F74-4D0E-BE1E-0813DA1B8625}.Release|Any CPU.ActiveCfg = Release|Any CPU
		{F0F2D848-8F74-4D0E-BE1E-0813DA1B8625}.Release|Any CPU.Build.0 = Release|Any CPU
		{AAEBE67A-F54B-4A54-912E-962513B1903B}.Debug|Any CPU.ActiveCfg = Debug|Any CPU
		{AAEBE67A-F54B-4A54-912E-962513B1903B}.Debug|Any CPU.Build.0 = Debug|Any CPU
		{AAEBE67A-F54B-4A54-912E-962513B1903B}.Release|Any CPU.ActiveCfg = Release|Any CPU
		{AAEBE67A-F54B-4A54-912E-962513B1903B}.Release|Any CPU.Build.0 = Release|Any CPU
	EndGlobalSection
	GlobalSection(SolutionProperties) = preSolution
		HideSolutionNode = FALSE
	EndGlobalSection
	GlobalSection(NestedProjects) = preSolution
		{948E4A12-0D4F-40B4-B964-9A35E756B4D6} = {316FAD01-5B22-4E1C-A056-0709177B0E55}
		{7AB9CD64-64A9-4735-B695-A0C456943E57} = {948E4A12-0D4F-40B4-B964-9A35E756B4D6}
		{43827B0B-3CE9-4C19-8D79-7571E26F9D6D} = {316FAD01-5B22-4E1C-A056-0709177B0E55}
		{60151157-4633-4D43-8E7E-035475B82320} = {43827B0B-3CE9-4C19-8D79-7571E26F9D6D}
		{A7332B47-821F-45BB-901B-9C1BE679EB28} = {43827B0B-3CE9-4C19-8D79-7571E26F9D6D}
		{A015B6D7-6B5B-4EF8-BA10-5D80615571C3} = {316FAD01-5B22-4E1C-A056-0709177B0E55}
		{0E111515-6C9B-4FDC-B332-58DA725DF967} = {316FAD01-5B22-4E1C-A056-0709177B0E55}
		{F0F2D848-8F74-4D0E-BE1E-0813DA1B8625} = {A015B6D7-6B5B-4EF8-BA10-5D80615571C3}
		{AAEBE67A-F54B-4A54-912E-962513B1903B} = {0E111515-6C9B-4FDC-B332-58DA725DF967}
	EndGlobalSection
	GlobalSection(ExtensibilityGlobals) = postSolution
		SolutionGuid = {AA850BD4-D6AD-4EF9-BB8F-073110FB86BA}
	EndGlobalSection
EndGlobal
